
Microsoft Visual Studio Solution File, Format Version 12.00
# Visual Studio Version 17
VisualStudioVersion = 17.4.33403.182
MinimumVisualStudioVersion = 10.0.40219.1
Project("{FAE04EC0-301F-11D3-BF4B-00C04F79EFBC}") = "SupplyParameterFromQueryDemo", "SupplyParameterFromQueryDemo\SupplyParameterFromQueryDemo.csproj", "{D5F986E3-B2F7-44BE-9B5F-F33C40B15140}"
EndProject
Global
	GlobalSection(SolutionConfigurationPlatforms) = preSolution
		Debug|Any CPU = Debug|Any CPU
		Release|Any CPU = Release|Any CPU
	EndGlobalSection
	GlobalSection(ProjectConfigurationPlatforms) = postSolution
		{D5F986E3-B2F7-44BE-9B5F-F33C40B15140}.Debug|Any CPU.ActiveCfg = Debug|Any CPU
		{D5F986E3-B2F7-44BE-9B5F-F33C40B15140}.Debug|Any CPU.Build.0 = Debug|Any CPU
		{D5F986E3-B2F7-44BE-9B5F-F33C40B15140}.Release|Any CPU.ActiveCfg = Release|Any CPU
		{D5F986E3-B2F7-44BE-9B5F-F33C40B15140}.Release|Any CPU.Build.0 = Release|Any CPU
	EndGlobalSection
	GlobalSection(SolutionProperties) = preSolution
		HideSolutionNode = FALSE
	EndGlobalSection
	GlobalSection(ExtensibilityGlobals) = postSolution
		SolutionGuid = {5754DE88-34AF-408E-80F9-70C040976AB2}
	EndGlobalSection
EndGlobal
